Microsoft Visual Studio Solution File, Format Version 12.00
# Visual Studio Version 17
VisualStudioVersion = 17.5.2.0
MinimumVisualStudioVersion = 10.0.40219.1
Project("{FAE04EC0-301F-11D3-BF4B-00C04F79EFBC}") = "BgToggle", "BgToggle.csproj", "{6AE2C920-5947-AB18-71E7-1A29575AE340}"
EndProject
Global
	GlobalSection(SolutionConfigurationPlatforms) = preSolution
		Debug|Any CPU = Debug|Any CPU
		Release|Any CPU = Release|Any CPU
	EndGlobalSection
	GlobalSection(ProjectConfigurationPlatforms) = postSolution
		{6AE2C920-5947-AB18-71E7-1A29575AE340}.Debug|Any CPU.ActiveCfg = Debug|Any CPU
		{6AE2C920-5947-AB18-71E7-1A29575AE340}.Debug|Any CPU.Build.0 = Debug|Any CPU
		{6AE2C920-5947-AB18-71E7-1A29575AE340}.Release|Any CPU.ActiveCfg = Release|Any CPU
		{6AE2C920-5947-AB18-71E7-1A29575AE340}.Release|Any CPU.Build.0 = Release|Any CPU
	EndGlobalSection
	GlobalSection(SolutionProperties) = preSolution
		HideSolutionNode = FALSE
	EndGlobalSection
	GlobalSection(ExtensibilityGlobals) = postSolution
		SolutionGuid = {52EDDCAB-C35F-4E16-8C1D-14E557280E87}
	EndGlobalSection
EndGlobal
